
Microsoft Visual Studio Solution File, Format Version 12.00
Project("{FAE04EC0-301F-11D3-BF4B-00C04F79EFBC}") = "TalkToMe", "TalkToMe\TalkToMe.csproj", "{393F1504-30DD-45C8-BD7B-51C9A78432FA}"
EndProject
Project("{FAE04EC0-301F-11D3-BF4B-00C04F79EFBC}") = "TalkToMe.Console", "TalkToMe.Console\TalkToMe.Console.csproj", "{D184A24C-7669-4E01-ABBB-ED859ACE187B}"
EndProject
Project("{FAE04EC0-301F-11D3-BF4B-00C04F79EFBC}") = "TalkToMe.Core", "TalkToMe.Core\TalkToMe.Core.csproj", "{00787050-EC6F-45FD-9D4A-3D3999EE1507}"
EndProject
Global
	GlobalSection(SolutionConfigurationPlatforms) = preSolution
		Debug|Any CPU = Debug|Any CPU
		Release|Any CPU = Release|Any CPU
	EndGlobalSection
	GlobalSection(ProjectConfigurationPlatforms) = postSolution
		{393F1504-30DD-45C8-BD7B-51C9A78432FA}.Debug|Any CPU.ActiveCfg = Debug|Any CPU
		{393F1504-30DD-45C8-BD7B-51C9A78432FA}.Debug|Any CPU.Build.0 = Debug|Any CPU
		{393F1504-30DD-45C8-BD7B-51C9A78432FA}.Release|Any CPU.ActiveCfg = Release|Any CPU
		{393F1504-30DD-45C8-BD7B-51C9A78432FA}.Release|Any CPU.Build.0 = Release|Any CPU
		{D184A24C-7669-4E01-ABBB-ED859ACE187B}.Debug|Any CPU.ActiveCfg = Debug|Any CPU
		{D184A24C-7669-4E01-ABBB-ED859ACE187B}.Debug|Any CPU.Build.0 = Debug|Any CPU
		{D184A24C-7669-4E01-ABBB-ED859ACE187B}.Release|Any CPU.ActiveCfg = Release|Any CPU
		{D184A24C-7669-4E01-ABBB-ED859ACE187B}.Release|Any CPU.Build.0 = Release|Any CPU
		{00787050-EC6F-45FD-9D4A-3D3999EE1507}.Debug|Any CPU.ActiveCfg = Debug|Any CPU
		{00787050-EC6F-45FD-9D4A-3D3999EE1507}.Debug|Any CPU.Build.0 = Debug|Any CPU
		{00787050-EC6F-45FD-9D4A-3D3999EE1507}.Release|Any CPU.ActiveCfg = Release|Any CPU
		{00787050-EC6F-45FD-9D4A-3D3999EE1507}.Release|Any CPU.Build.0 = Release|Any CPU
	EndGlobalSection
EndGlobal
