
Microsoft Visual Studio Solution File, Format Version 12.00
# Visual Studio Version 17
VisualStudioVersion = 17.11.35327.3
MinimumVisualStudioVersion = 10.0.40219.1
Project("{9A19103F-16F7-4668-BE54-9A1E7A4F7556}") = "TalkToMe", "TalkToMe\TalkToMe.csproj", "{393F1504-30DD-45C8-BD7B-51C9A78432FA}"
EndProject
Project("{9A19103F-16F7-4668-BE54-9A1E7A4F7556}") = "TalkToMe.Core", "TalkToMe.Core\TalkToMe.Core.csproj", "{00787050-EC6F-45FD-9D4A-3D3999EE1507}"
EndProject
Project("{FAE04EC0-301F-11D3-BF4B-00C04F79EFBC}") = "TalkToMe.Domain", "TalkToMe.Domain\TalkToMe.Domain.csproj", "{3FD6B56D-4662-46EA-8638-920B4A1AC4BC}"
EndProject
Project("{FAE04EC0-301F-11D3-BF4B-00C04F79EFBC}") = "TalkToMe.Infrastructure", "TalkToMe.Infrastructure\TalkToMe.Infrastructure.csproj", "{E0A35853-1EDB-4273-AFBD-C43703365701}"
EndProject
Project("{FAE04EC0-301F-11D3-BF4B-00C04F79EFBC}") = "TalkToMe.CDK", "TalkToMe.CDK\TalkToMe.CDK.csproj", "{FFE34450-F616-40E7-B386-F27B0E9A4DA0}"
EndProject
Global
	GlobalSection(SolutionConfigurationPlatforms) = preSolution
		Debug|Any CPU = Debug|Any CPU
		Release|Any CPU = Release|Any CPU
	EndGlobalSection
	GlobalSection(ProjectConfigurationPlatforms) = postSolution
		{393F1504-30DD-45C8-BD7B-51C9A78432FA}.Debug|Any CPU.ActiveCfg = Debug|Any CPU
		{393F1504-30DD-45C8-BD7B-51C9A78432FA}.Debug|Any CPU.Build.0 = Debug|Any CPU
		{393F1504-30DD-45C8-BD7B-51C9A78432FA}.Release|Any CPU.ActiveCfg = Release|Any CPU
		{393F1504-30DD-45C8-BD7B-51C9A78432FA}.Release|Any CPU.Build.0 = Release|Any CPU
		{00787050-EC6F-45FD-9D4A-3D3999EE1507}.Debug|Any CPU.ActiveCfg = Debug|Any CPU
		{00787050-EC6F-45FD-9D4A-3D3999EE1507}.Debug|Any CPU.Build.0 = Debug|Any CPU
		{00787050-EC6F-45FD-9D4A-3D3999EE1507}.Release|Any CPU.ActiveCfg = Release|Any CPU
		{00787050-EC6F-45FD-9D4A-3D3999EE1507}.Release|Any CPU.Build.0 = Release|Any CPU
		{3FD6B56D-4662-46EA-8638-920B4A1AC4BC}.Debug|Any CPU.ActiveCfg = Debug|Any CPU
		{3FD6B56D-4662-46EA-8638-920B4A1AC4BC}.Debug|Any CPU.Build.0 = Debug|Any CPU
		{3FD6B56D-4662-46EA-8638-920B4A1AC4BC}.Release|Any CPU.ActiveCfg = Release|Any CPU
		{3FD6B56D-4662-46EA-8638-920B4A1AC4BC}.Release|Any CPU.Build.0 = Release|Any CPU
		{E0A35853-1EDB-4273-AFBD-C43703365701}.Debug|Any CPU.ActiveCfg = Debug|Any CPU
		{E0A35853-1EDB-4273-AFBD-C43703365701}.Debug|Any CPU.Build.0 = Debug|Any CPU
		{E0A35853-1EDB-4273-AFBD-C43703365701}.Release|Any CPU.ActiveCfg = Release|Any CPU
		{E0A35853-1EDB-4273-AFBD-C43703365701}.Release|Any CPU.Build.0 = Release|Any CPU
		{FFE34450-F616-40E7-B386-F27B0E9A4DA0}.Debug|Any CPU.ActiveCfg = Debug|Any CPU
		{FFE34450-F616-40E7-B386-F27B0E9A4DA0}.Debug|Any CPU.Build.0 = Debug|Any CPU
		{FFE34450-F616-40E7-B386-F27B0E9A4DA0}.Release|Any CPU.ActiveCfg = Release|Any CPU
		{FFE34450-F616-40E7-B386-F27B0E9A4DA0}.Release|Any CPU.Build.0 = Release|Any CPU
	EndGlobalSection
	GlobalSection(SolutionProperties) = preSolution
		HideSolutionNode = FALSE
	EndGlobalSection
	GlobalSection(ExtensibilityGlobals) = postSolution
		SolutionGuid = {E43A7489-7B2A-40C9-88EF-FC9FBD7BC5F4}
	EndGlobalSection
EndGlobal
